
Microsoft Visual Studio Solution File, Format Version 12.00
# Visual Studio Version 16
VisualStudioVersion = 16.0.31911.196
MinimumVisualStudioVersion = 10.0.40219.1
Project("{FAE04EC0-301F-11D3-BF4B-00C04F79EFBC}") = "FibonacciGeneratorAPI", "FibonacciGeneratorAPI\FibonacciGeneratorAPI.csproj", "{3B29A805-BDF1-4054-94EE-D732BCE6DB1F}"
EndProject
Global
	GlobalSection(SolutionConfigurationPlatforms) = preSolution
		Debug|Any CPU = Debug|Any CPU
		Release|Any CPU = Release|Any CPU
	EndGlobalSection
	GlobalSection(ProjectConfigurationPlatforms) = postSolution
		{3B29A805-BDF1-4054-94EE-D732BCE6DB1F}.Debug|Any CPU.ActiveCfg = Debug|Any CPU
		{3B29A805-BDF1-4054-94EE-D732BCE6DB1F}.Debug|Any CPU.Build.0 = Debug|Any CPU
		{3B29A805-BDF1-4054-94EE-D732BCE6DB1F}.Release|Any CPU.ActiveCfg = Release|Any CPU
		{3B29A805-BDF1-4054-94EE-D732BCE6DB1F}.Release|Any CPU.Build.0 = Release|Any CPU
	EndGlobalSection
	GlobalSection(SolutionProperties) = preSolution
		HideSolutionNode = FALSE
	EndGlobalSection
	GlobalSection(ExtensibilityGlobals) = postSolution
		SolutionGuid = {B1DFF71D-2FFA-4D26-A544-3614FAE8001C}
	EndGlobalSection
EndGlobal
